<?xml version="1.0" encoding="utf-8"?>
<Project ToolsVersion="4.0" xmlns="http://schemas.microsoft.com/developer/msbuild/2003">
  <ItemGroup>
    <Filter Include="Source Files">
      <UniqueIdentifier>{4FC737F1-C7A5-4376-A066-2A32D752A2FF}</UniqueIdentifier>
      <Extensions>cpp;c;cc;cxx;def;odl;idl;hpj;bat;asm;asmx</Extensions>
    </Filter>
    <Filter Include="Header Files">
      <UniqueIdentifier>{93995380-89BD-4b04-88EB-625FBE52EBFB}</UniqueIdentifier>
      <Extensions>h;hh;hpp;hxx;hm;inl;inc;xsd</Extensions>
    </Filter>
    <Filter Include="Resource Files">
      <UniqueIdentifier>{67DA6AB6-F800-4c08-8B7A-83BB121AAD01}</UniqueIdentifier>
      <Extensions>rc;ico;cur;bmp;dlg;rc2;rct;bin;rgs;gif;jpg;jpeg;jpe;resx;tiff;tif;png;wav;mfcribbon-ms</Extensions>
    </Filter>
    <Filter Include="Source Files\Modules">
      <UniqueIdentifier>{f7ec4fa6-a331-4b88-9e48-6db3e9641f2c}</UniqueIdentifier>
    </Filter>
    <Filter Include="Header Files\Modules">
      <UniqueIdentifier>{335ed5fe-47a1-454d-a3e6-1f77d81fde3d}</UniqueIdentifier>
    </Filter>
  </ItemGroup>
  <ItemGroup>
    <None Include="..\src\SumoRobot.ino" />
    <None Include="..\src\main.ino" />
    <None Include="..\src\Modules\MotorDriver.ino">
      <Filter>Source Files\Modules</Filter>
    </None>
    <None Include="..\src\Modules\UltraSonic.ino">
      <Filter>Source Files\Modules</Filter>
    </None>
    <None Include="..\src\Modules\IR.ino">
      <Filter>Source Files\Modules</Filter>
    </None>
  </ItemGroup>
  <ItemGroup>
    <ClInclude Include="__vm\.SumoRobot.vsarduino.h">
      <Filter>Header Files</Filter>
    </ClInclude>
    <ClInclude Include="__vm\.src.vsarduino.h">
      <Filter>Header Files</Filter>
    </ClInclude>
    <ClInclude Include="..\src\SumoRobot.h">
      <Filter>Header Files</Filter>
    </ClInclude>
    <ClInclude Include="..\src\Modules\MotorDriver.h">
      <Filter>Header Files\Modules</Filter>
    </ClInclude>
    <ClInclude Include="..\src\Modules\UltraSonic.h">
      <Filter>Header Files\Modules</Filter>
    </ClInclude>
    <ClInclude Include="..\src\Modules\IR.h">
      <Filter>Header Files\Modules</Filter>
    </ClInclude>
  </ItemGroup>
</Project>